github.com/teekennedy/goldmark-markdown v0.5.1 h1:2lIlJ3AcIwaD1wFl4dflJSJFMhRTKEsEj+asVsu6M/0=
github.com/teekennedy/goldmark-markdown v0.5.1/go.mod h1:so260mNSPELuRyynZY18719dRYlD+OSnAovqsyrOMOM=
github.com/yuin/goldmark v1.7.16 h1:n+CJdUxaFMiDUNnWC3dMWCIQJSkxH4uz3ZwQBkAlVNE=
github.com/yuin/goldmark v1.7.16/go.mod h1:ip/1k0VRfGynBgxOz0yCqHrbZXhcjxyuS66Brc7iBKg=
golang.org/x/net v0.52.0 h1:He/TN1l0e4mmR3QqHMT2Xab3Aj3L9qjbhRm78/6jrW0=
golang.org/x/net v0.52.0/go.mod h1:R1MAz7uMZxVMualyPXb+VaqGSa3LIaUqk0eEt3w36Sw=
